
Microsoft Visual Studio Solution File, Format Version 12.00
Project("{2150E333-8FDC-42A3-9474-1A3956D46DE8}") = "src", "src", "{2515A668-6396-429E-BFCC-9417C02890C8}"
EndProject
Project("{2150E333-8FDC-42A3-9474-1A3956D46DE8}") = "test", "test", "{50045B12-24D1-4437-BA2E-F445DA08B9B5}"
EndProject
Project("{FAE04EC0-301F-11D3-BF4B-00C04F79EFBC}") = "CurrencyConverter.Tests", "test\CurrencyConverter.Tests\CurrencyConverter.Tests.csproj", "{3AF0AAC9-7F4F-44A0-BBA0-417D9E0B669E}"
EndProject
Project("{FAE04EC0-301F-11D3-BF4B-00C04F79EFBC}") = "CurrencyConverter.Core", "src\CurrencyConverter.Core\CurrencyConverter.Core.csproj", "{51BA0F92-0DDD-4960-886F-0016F718B6A6}"
EndProject
Project("{FAE04EC0-301F-11D3-BF4B-00C04F79EFBC}") = "CurrencyConverter.Infrastructure", "src\CurrencyConverter.Infrastructure\CurrencyConverter.Infrastructure.csproj", "{3A1E480B-117E-47E4-88F5-9B3E23105878}"
EndProject
Project("{FAE04EC0-301F-11D3-BF4B-00C04F79EFBC}") = "CurrencyConverter.API", "src\CurrencyConverter.API\CurrencyConverter.API.csproj", "{C24FF715-26FA-4B71-83ED-741E5BD74DBE}"
EndProject
Global
	GlobalSection(SolutionConfigurationPlatforms) = preSolution
		Debug|Any CPU = Debug|Any CPU
		Release|Any CPU = Release|Any CPU
	EndGlobalSection
	GlobalSection(ProjectConfigurationPlatforms) = postSolution
		{3AF0AAC9-7F4F-44A0-BBA0-417D9E0B669E}.Debug|Any CPU.ActiveCfg = Debug|Any CPU
		{3AF0AAC9-7F4F-44A0-BBA0-417D9E0B669E}.Debug|Any CPU.Build.0 = Debug|Any CPU
		{3AF0AAC9-7F4F-44A0-BBA0-417D9E0B669E}.Release|Any CPU.ActiveCfg = Release|Any CPU
		{3AF0AAC9-7F4F-44A0-BBA0-417D9E0B669E}.Release|Any CPU.Build.0 = Release|Any CPU
		{51BA0F92-0DDD-4960-886F-0016F718B6A6}.Debug|Any CPU.ActiveCfg = Debug|Any CPU
		{51BA0F92-0DDD-4960-886F-0016F718B6A6}.Debug|Any CPU.Build.0 = Debug|Any CPU
		{51BA0F92-0DDD-4960-886F-0016F718B6A6}.Release|Any CPU.ActiveCfg = Release|Any CPU
		{51BA0F92-0DDD-4960-886F-0016F718B6A6}.Release|Any CPU.Build.0 = Release|Any CPU
		{3A1E480B-117E-47E4-88F5-9B3E23105878}.Debug|Any CPU.ActiveCfg = Debug|Any CPU
		{3A1E480B-117E-47E4-88F5-9B3E23105878}.Debug|Any CPU.Build.0 = Debug|Any CPU
		{3A1E480B-117E-47E4-88F5-9B3E23105878}.Release|Any CPU.ActiveCfg = Release|Any CPU
		{3A1E480B-117E-47E4-88F5-9B3E23105878}.Release|Any CPU.Build.0 = Release|Any CPU
		{C24FF715-26FA-4B71-83ED-741E5BD74DBE}.Debug|Any CPU.ActiveCfg = Debug|Any CPU
		{C24FF715-26FA-4B71-83ED-741E5BD74DBE}.Debug|Any CPU.Build.0 = Debug|Any CPU
		{C24FF715-26FA-4B71-83ED-741E5BD74DBE}.Release|Any CPU.ActiveCfg = Release|Any CPU
		{C24FF715-26FA-4B71-83ED-741E5BD74DBE}.Release|Any CPU.Build.0 = Release|Any CPU
	EndGlobalSection
	GlobalSection(NestedProjects) = preSolution
		{3AF0AAC9-7F4F-44A0-BBA0-417D9E0B669E} = {50045B12-24D1-4437-BA2E-F445DA08B9B5}
		{51BA0F92-0DDD-4960-886F-0016F718B6A6} = {2515A668-6396-429E-BFCC-9417C02890C8}
		{3A1E480B-117E-47E4-88F5-9B3E23105878} = {2515A668-6396-429E-BFCC-9417C02890C8}
		{C24FF715-26FA-4B71-83ED-741E5BD74DBE} = {2515A668-6396-429E-BFCC-9417C02890C8}
	EndGlobalSection
EndGlobal
